
Microsoft Visual Studio Solution File, Format Version 12.00
# Visual Studio Version 16
VisualStudioVersion = 16.0.31105.61
MinimumVisualStudioVersion = 10.0.40219.1
Project("{9A19103F-16F7-4668-BE54-9A1E7A4F7556}") = "Discografica", "Discografica.csproj", "{03AC64B8-6442-4A8E-A371-5738C20A25CC}"
EndProject
Global
	GlobalSection(SolutionConfigurationPlatforms) = preSolution
		Debug|Any CPU = Debug|Any CPU
		Release|Any CPU = Release|Any CPU
	EndGlobalSection
	GlobalSection(ProjectConfigurationPlatforms) = postSolution
		{03AC64B8-6442-4A8E-A371-5738C20A25CC}.Debug|Any CPU.ActiveCfg = Debug|Any CPU
		{03AC64B8-6442-4A8E-A371-5738C20A25CC}.Debug|Any CPU.Build.0 = Debug|Any CPU
		{03AC64B8-6442-4A8E-A371-5738C20A25CC}.Release|Any CPU.ActiveCfg = Release|Any CPU
		{03AC64B8-6442-4A8E-A371-5738C20A25CC}.Release|Any CPU.Build.0 = Release|Any CPU
	EndGlobalSection
	GlobalSection(SolutionProperties) = preSolution
		HideSolutionNode = FALSE
	EndGlobalSection
	GlobalSection(ExtensibilityGlobals) = postSolution
		SolutionGuid = {312ACE61-4603-4601-A77C-93A1B0BAB68F}
	EndGlobalSection
EndGlobal
